
Microsoft Visual Studio Solution File, Format Version 12.00
# Visual Studio 14
VisualStudioVersion = 14.0.23107.0
MinimumVisualStudioVersion = 10.0.40219.1
Project("{FAE04EC0-301F-11D3-BF4B-00C04F79EFBC}") = "MdSharp.Core", "MdSharp.Core\MdSharp.Core.csproj", "{701EED16-AFDE-49D0-BAC5-176E71865644}"
EndProject
Project("{FAE04EC0-301F-11D3-BF4B-00C04F79EFBC}") = "MdSharp.Tests", "MdSharp.Tests\MdSharp.Tests.csproj", "{1A80461E-197F-4840-BF24-49D4DB77EE19}"
EndProject
Project("{FAE04EC0-301F-11D3-BF4B-00C04F79EFBC}") = "MdSharp.Powershell", "MdSharp.Powershell\MdSharp.Powershell.csproj", "{66072EAE-048B-4C1F-ADA2-EAFAB422CB64}"
EndProject
Global
	GlobalSection(SolutionConfigurationPlatforms) = preSolution
		Debug|Any CPU = Debug|Any CPU
		Release|Any CPU = Release|Any CPU
	EndGlobalSection
	GlobalSection(ProjectConfigurationPlatforms) = postSolution
		{701EED16-AFDE-49D0-BAC5-176E71865644}.Debug|Any CPU.ActiveCfg = Debug|Any CPU
		{701EED16-AFDE-49D0-BAC5-176E71865644}.Debug|Any CPU.Build.0 = Debug|Any CPU
		{701EED16-AFDE-49D0-BAC5-176E71865644}.Release|Any CPU.ActiveCfg = Release|Any CPU
		{701EED16-AFDE-49D0-BAC5-176E71865644}.Release|Any CPU.Build.0 = Release|Any CPU
		{1A80461E-197F-4840-BF24-49D4DB77EE19}.Debug|Any CPU.ActiveCfg = Debug|Any CPU
		{1A80461E-197F-4840-BF24-49D4DB77EE19}.Debug|Any CPU.Build.0 = Debug|Any CPU
		{1A80461E-197F-4840-BF24-49D4DB77EE19}.Release|Any CPU.ActiveCfg = Release|Any CPU
		{1A80461E-197F-4840-BF24-49D4DB77EE19}.Release|Any CPU.Build.0 = Release|Any CPU
		{66072EAE-048B-4C1F-ADA2-EAFAB422CB64}.Debug|Any CPU.ActiveCfg = Debug|Any CPU
		{66072EAE-048B-4C1F-ADA2-EAFAB422CB64}.Debug|Any CPU.Build.0 = Debug|Any CPU
		{66072EAE-048B-4C1F-ADA2-EAFAB422CB64}.Release|Any CPU.ActiveCfg = Release|Any CPU
		{66072EAE-048B-4C1F-ADA2-EAFAB422CB64}.Release|Any CPU.Build.0 = Release|Any CPU
	EndGlobalSection
	GlobalSection(SolutionProperties) = preSolution
		HideSolutionNode = FALSE
	EndGlobalSection
EndGlobal
